<?xml version="1.0" encoding="utf-8"?>
<Project ToolsVersion="4.0" xmlns="http://schemas.microsoft.com/developer/msbuild/2003">
  <ItemGroup>
    <Filter Include="Support Libraries">
      <UniqueIdentifier>{1aa2b167-c68c-47a7-9579-ae5eee43ef5c}</UniqueIdentifier>
    </Filter>
    <Filter Include="Support Libraries\R2 Library">
      <UniqueIdentifier>{a92a978f-7016-433f-a15b-9e926dfbe727}</UniqueIdentifier>
    </Filter>
    <Filter Include="Support Libraries\R2 Library\R2 Source Files">
      <UniqueIdentifier>{cd545020-c117-4238-ae62-428c27b0ad03}</UniqueIdentifier>
    </Filter>
    <Filter Include="Support Libraries\R2 Library\R2 Header Files">
      <UniqueIdentifier>{9947e2ab-6972-4493-bcc6-aa44341deb2f}</UniqueIdentifier>
    </Filter>
    <Filter Include="Support Libraries\jpeg Library">
      <UniqueIdentifier>{b5aa97e8-4f4e-4b6b-b792-231cc20a6133}</UniqueIdentifier>
    </Filter>
    <Filter Include="Support Libraries\jpeg Library\jpeg Header Files">
      <UniqueIdentifier>{71c35d43-24e1-4378-9cf2-994bf873884c}</UniqueIdentifier>
    </Filter>
    <Filter Include="Support Libraries\jpeg Library\jpeg Source Files">
      <UniqueIdentifier>{3d92a4d5-aed4-4473-80d3-7a307c7b1e2d}</UniqueIdentifier>
    </Filter>
    <Filter Include="Support Libraries\R3 Library">
      <UniqueIdentifier>{839f1ff5-2ad0-4696-a589-8391b48a50bb}</UniqueIdentifier>
    </Filter>
    <Filter Include="Support Libraries\R3 Library\R3 Header Files">
      <UniqueIdentifier>{c6ed0839-61f3-4414-8a70-4493a0fc97bc}</UniqueIdentifier>
    </Filter>
    <Filter Include="Support Libraries\R3 Library\R3 Source Files">
      <UniqueIdentifier>{9f724235-53f0-47a7-8ac6-fbdb97236c1c}</UniqueIdentifier>
    </Filter>
    <Filter Include="Main Program">
      <UniqueIdentifier>{1e3210bd-afff-45e2-a32e-56f5aac7d052}</UniqueIdentifier>
    </Filter>
    <Filter Include="Main Program\Main Source Files">
      <UniqueIdentifier>{40a3ce74-51df-4e11-9a24-2e6f341e9aa3}</UniqueIdentifier>
    </Filter>
    <Filter Include="Main Program\Main Header Files">
      <UniqueIdentifier>{09b4dfd5-9d9b-461d-a961-49855b79a805}</UniqueIdentifier>
    </Filter>
  </ItemGroup>
  <ItemGroup>
    <ClCompile Include="R2\R2Distance.cpp">
      <Filter>Support Libraries\R2 Library\R2 Source Files</Filter>
    </ClCompile>
    <ClCompile Include="R2\R2Image.cpp">
      <Filter>Support Libraries\R2 Library\R2 Source Files</Filter>
    </ClCompile>
    <ClCompile Include="R2\R2Line.cpp">
      <Filter>Support Libraries\R2 Library\R2 Source Files</Filter>
    </ClCompile>
    <ClCompile Include="R2\R2Pixel.cpp">
      <Filter>Support Libraries\R2 Library\R2 Source Files</Filter>
    </ClCompile>
    <ClCompile Include="R2\R2Point.cpp">
      <Filter>Support Libraries\R2 Library\R2 Source Files</Filter>
    </ClCompile>
    <ClCompile Include="R2\R2Segment.cpp">
      <Filter>Support Libraries\R2 Library\R2 Source Files</Filter>
    </ClCompile>
    <ClCompile Include="R2\R2Vector.cpp">
      <Filter>Support Libraries\R2 Library\R2 Source Files</Filter>
    </ClCompile>
    <ClCompile Include="jpeg\jcapimin.c">
      <Filter>Support Libraries\jpeg Library\jpeg Source Files</Filter>
    </ClCompile>
    <ClCompile Include="jpeg\jcapistd.c">
      <Filter>Support Libraries\jpeg Library\jpeg Source Files</Filter>
    </ClCompile>
    <ClCompile Include="jpeg\jccoefct.c">
      <Filter>Support Libraries\jpeg Library\jpeg Source Files</Filter>
    </ClCompile>
    <ClCompile Include="jpeg\jccolor.c">
      <Filter>Support Libraries\jpeg Library\jpeg Source Files</Filter>
    </ClCompile>
    <ClCompile Include="jpeg\jcdctmgr.c">
      <Filter>Support Libraries\jpeg Library\jpeg Source Files</Filter>
    </ClCompile>
    <ClCompile Include="jpeg\jchuff.c">
      <Filter>Support Libraries\jpeg Library\jpeg Source Files</Filter>
    </ClCompile>
    <ClCompile Include="jpeg\jcinit.c">
      <Filter>Support Libraries\jpeg Library\jpeg Source Files</Filter>
    </ClCompile>
    <ClCompile Include="jpeg\jcmainct.c">
      <Filter>Support Libraries\jpeg Library\jpeg Source Files</Filter>
    </ClCompile>
    <ClCompile Include="jpeg\jcmarker.c">
      <Filter>Support Libraries\jpeg Library\jpeg Source Files</Filter>
    </ClCompile>
    <ClCompile Include="jpeg\jcmaster.c">
      <Filter>Support Libraries\jpeg Library\jpeg Source Files</Filter>
    </ClCompile>
    <ClCompile Include="jpeg\jcomapi.c">
      <Filter>Support Libraries\jpeg Library\jpeg Source Files</Filter>
    </ClCompile>
    <ClCompile Include="jpeg\jcparam.c">
      <Filter>Support Libraries\jpeg Library\jpeg Source Files</Filter>
    </ClCompile>
    <ClCompile Include="jpeg\jcphuff.c">
      <Filter>Support Libraries\jpeg Library\jpeg Source Files</Filter>
    </ClCompile>
    <ClCompile Include="jpeg\jcprepct.c">
      <Filter>Support Libraries\jpeg Library\jpeg Source Files</Filter>
    </ClCompile>
    <ClCompile Include="jpeg\jcsample.c">
      <Filter>Support Libraries\jpeg Library\jpeg Source Files</Filter>
    </ClCompile>
    <ClCompile Include="jpeg\jctrans.c">
      <Filter>Support Libraries\jpeg Library\jpeg Source Files</Filter>
    </ClCompile>
    <ClCompile Include="jpeg\jdapimin.c">
      <Filter>Support Libraries\jpeg Library\jpeg Source Files</Filter>
    </ClCompile>
    <ClCompile Include="jpeg\jdapistd.c">
      <Filter>Support Libraries\jpeg Library\jpeg Source Files</Filter>
    </ClCompile>
    <ClCompile Include="jpeg\jdatadst.c">
      <Filter>Support Libraries\jpeg Library\jpeg Source Files</Filter>
    </ClCompile>
    <ClCompile Include="jpeg\jdatasrc.c">
      <Filter>Support Libraries\jpeg Library\jpeg Source Files</Filter>
    </ClCompile>
    <ClCompile Include="jpeg\jdcoefct.c">
      <Filter>Support Libraries\jpeg Library\jpeg Source Files</Filter>
    </ClCompile>
    <ClCompile Include="jpeg\jdcolor.c">
      <Filter>Support Libraries\jpeg Library\jpeg Source Files</Filter>
    </ClCompile>
    <ClCompile Include="jpeg\jddctmgr.c">
      <Filter>Support Libraries\jpeg Library\jpeg Source Files</Filter>
    </ClCompile>
    <ClCompile Include="jpeg\jdhuff.c">
      <Filter>Support Libraries\jpeg Library\jpeg Source Files</Filter>
    </ClCompile>
    <ClCompile Include="jpeg\jdinput.c">
      <Filter>Support Libraries\jpeg Library\jpeg Source Files</Filter>
    </ClCompile>
    <ClCompile Include="jpeg\jdmainct.c">
      <Filter>Support Libraries\jpeg Library\jpeg Source Files</Filter>
    </ClCompile>
    <ClCompile Include="jpeg\jdmarker.c">
      <Filter>Support Libraries\jpeg Library\jpeg Source Files</Filter>
    </ClCompile>
    <ClCompile Include="jpeg\jdmaster.c">
      <Filter>Support Libraries\jpeg Library\jpeg Source Files</Filter>
    </ClCompile>
    <ClCompile Include="jpeg\jdmerge.c">
      <Filter>Support Libraries\jpeg Library\jpeg Source Files</Filter>
    </ClCompile>
    <ClCompile Include="jpeg\jdphuff.c">
      <Filter>Support Libraries\jpeg Library\jpeg Source Files</Filter>
    </ClCompile>
    <ClCompile Include="jpeg\jdpostct.c">
      <Filter>Support Libraries\jpeg Library\jpeg Source Files</Filter>
    </ClCompile>
    <ClCompile Include="jpeg\jdsample.c">
      <Filter>Support Libraries\jpeg Library\jpeg Source Files</Filter>
    </ClCompile>
    <ClCompile Include="jpeg\jdtrans.c">
      <Filter>Support Libraries\jpeg Library\jpeg Source Files</Filter>
    </ClCompile>
    <ClCompile Include="jpeg\jerror.c">
      <Filter>Support Libraries\jpeg Library\jpeg Source Files</Filter>
    </ClCompile>
    <ClCompile Include="jpeg\jfdctflt.c">
      <Filter>Support Libraries\jpeg Library\jpeg Source Files</Filter>
    </ClCompile>
    <ClCompile Include="jpeg\jfdctfst.c">
      <Filter>Support Libraries\jpeg Library\jpeg Source Files</Filter>
    </ClCompile>
    <ClCompile Include="jpeg\jfdctint.c">
      <Filter>Support Libraries\jpeg Library\jpeg Source Files</Filter>
    </ClCompile>
    <ClCompile Include="jpeg\jidctflt.c">
      <Filter>Support Libraries\jpeg Library\jpeg Source Files</Filter>
    </ClCompile>
    <ClCompile Include="jpeg\jidctfst.c">
      <Filter>Support Libraries\jpeg Library\jpeg Source Files</Filter>
    </ClCompile>
    <ClCompile Include="jpeg\jidctint.c">
      <Filter>Support Libraries\jpeg Library\jpeg Source Files</Filter>
    </ClCompile>
    <ClCompile Include="jpeg\jidctred.c">
      <Filter>Support Libraries\jpeg Library\jpeg Source Files</Filter>
    </ClCompile>
    <ClCompile Include="jpeg\jmemmgr.c">
      <Filter>Support Libraries\jpeg Library\jpeg Source Files</Filter>
    </ClCompile>
    <ClCompile Include="jpeg\jmemnobs.c">
      <Filter>Support Libraries\jpeg Library\jpeg Source Files</Filter>
    </ClCompile>
    <ClCompile Include="jpeg\jquant1.c">
      <Filter>Support Libraries\jpeg Library\jpeg Source Files</Filter>
    </ClCompile>
    <ClCompile Include="jpeg\jquant2.c">
      <Filter>Support Libraries\jpeg Library\jpeg Source Files</Filter>
    </ClCompile>
    <ClCompile Include="jpeg\jutils.c">
      <Filter>Support Libraries\jpeg Library\jpeg Source Files</Filter>
    </ClCompile>
    <ClCompile Include="R3\R3Box.cpp">
      <Filter>Support Libraries\R3 Library\R3 Source Files</Filter>
    </ClCompile>
    <ClCompile Include="R3\R3Cone.cpp">
      <Filter>Support Libraries\R3 Library\R3 Source Files</Filter>
    </ClCompile>
    <ClCompile Include="R3\R3Cylinder.cpp">
      <Filter>Support Libraries\R3 Library\R3 Source Files</Filter>
    </ClCompile>
    <ClCompile Include="R3\R3Distance.cpp">
      <Filter>Support Libraries\R3 Library\R3 Source Files</Filter>
    </ClCompile>
    <ClCompile Include="R3\R3Line.cpp">
      <Filter>Support Libraries\R3 Library\R3 Source Files</Filter>
    </ClCompile>
    <ClCompile Include="R3\R3Matrix.cpp">
      <Filter>Support Libraries\R3 Library\R3 Source Files</Filter>
    </ClCompile>
    <ClCompile Include="R3\R3Mesh.cpp">
      <Filter>Support Libraries\R3 Library\R3 Source Files</Filter>
    </ClCompile>
    <ClCompile Include="R3\R3Plane.cpp">
      <Filter>Support Libraries\R3 Library\R3 Source Files</Filter>
    </ClCompile>
    <ClCompile Include="R3\R3Point.cpp">
      <Filter>Support Libraries\R3 Library\R3 Source Files</Filter>
    </ClCompile>
    <ClCompile Include="R3\R3Ray.cpp">
      <Filter>Support Libraries\R3 Library\R3 Source Files</Filter>
    </ClCompile>
    <ClCompile Include="R3\R3Segment.cpp">
      <Filter>Support Libraries\R3 Library\R3 Source Files</Filter>
    </ClCompile>
    <ClCompile Include="R3\R3Sphere.cpp">
      <Filter>Support Libraries\R3 Library\R3 Source Files</Filter>
    </ClCompile>
    <ClCompile Include="R3\R3Vector.cpp">
      <Filter>Support Libraries\R3 Library\R3 Source Files</Filter>
    </ClCompile>
    <ClCompile Include="R3Scene.cpp">
      <Filter>Main Program\Main Source Files</Filter>
    </ClCompile>
    <ClCompile Include="raytrace.cpp">
      <Filter>Main Program\Main Source Files</Filter>
    </ClCompile>
    <ClCompile Include="minecraft.cpp">
      <Filter>Main Program\Main Source Files</Filter>
    </ClCompile>
    <ClCompile Include="R3\R3Block.cpp">
      <Filter>Support Libraries\R3 Library\R3 Source Files</Filter>
    </ClCompile>
    <ClCompile Include="R3\R3Character.cpp">
      <Filter>Support Libraries\R3 Library\R3 Source Files</Filter>
    </ClCompile>
    <ClCompile Include="R3\R3Item.cpp">
      <Filter>Support Libraries\R3 Library\R3 Source Files</Filter>
    </ClCompile>
  </ItemGroup>
  <ItemGroup>
    <ClInclude Include="R2\R2.h">
      <Filter>Support Libraries\R2 Library\R2 Header Files</Filter>
    </ClInclude>
    <ClInclude Include="R2\R2Distance.h">
      <Filter>Support Libraries\R2 Library\R2 Header Files</Filter>
    </ClInclude>
    <ClInclude Include="R2\R2Image.h">
      <Filter>Support Libraries\R2 Library\R2 Header Files</Filter>
    </ClInclude>
    <ClInclude Include="R2\R2Line.h">
      <Filter>Support Libraries\R2 Library\R2 Header Files</Filter>
    </ClInclude>
    <ClInclude Include="R2\R2Pixel.h">
      <Filter>Support Libraries\R2 Library\R2 Header Files</Filter>
    </ClInclude>
    <ClInclude Include="R2\R2Point.h">
      <Filter>Support Libraries\R2 Library\R2 Header Files</Filter>
    </ClInclude>
    <ClInclude Include="R2\R2Segment.h">
      <Filter>Support Libraries\R2 Library\R2 Header Files</Filter>
    </ClInclude>
    <ClInclude Include="R2\R2Vector.h">
      <Filter>Support Libraries\R2 Library\R2 Header Files</Filter>
    </ClInclude>
    <ClInclude Include="jpeg\jchuff.h">
      <Filter>Support Libraries\jpeg Library\jpeg Header Files</Filter>
    </ClInclude>
    <ClInclude Include="jpeg\jconfig.h">
      <Filter>Support Libraries\jpeg Library\jpeg Header Files</Filter>
    </ClInclude>
    <ClInclude Include="jpeg\jdct.h">
      <Filter>Support Libraries\jpeg Library\jpeg Header Files</Filter>
    </ClInclude>
    <ClInclude Include="jpeg\jdhuff.h">
      <Filter>Support Libraries\jpeg Library\jpeg Header Files</Filter>
    </ClInclude>
    <ClInclude Include="jpeg\jerror.h">
      <Filter>Support Libraries\jpeg Library\jpeg Header Files</Filter>
    </ClInclude>
    <ClInclude Include="jpeg\jinclude.h">
      <Filter>Support Libraries\jpeg Library\jpeg Header Files</Filter>
    </ClInclude>
    <ClInclude Include="jpeg\jmemsys.h">
      <Filter>Support Libraries\jpeg Library\jpeg Header Files</Filter>
    </ClInclude>
    <ClInclude Include="jpeg\jmorecfg.h">
      <Filter>Support Libraries\jpeg Library\jpeg Header Files</Filter>
    </ClInclude>
    <ClInclude Include="jpeg\jpegint.h">
      <Filter>Support Libraries\jpeg Library\jpeg Header Files</Filter>
    </ClInclude>
    <ClInclude Include="jpeg\jpeglib.h">
      <Filter>Support Libraries\jpeg Library\jpeg Header Files</Filter>
    </ClInclude>
    <ClInclude Include="jpeg\jversion.h">
      <Filter>Support Libraries\jpeg Library\jpeg Header Files</Filter>
    </ClInclude>
    <ClInclude Include="R3\R3.h">
      <Filter>Support Libraries\R3 Library\R3 Header Files</Filter>
    </ClInclude>
    <ClInclude Include="R3\R3Box.h">
      <Filter>Support Libraries\R3 Library\R3 Header Files</Filter>
    </ClInclude>
    <ClInclude Include="R3\R3Cone.h">
      <Filter>Support Libraries\R3 Library\R3 Header Files</Filter>
    </ClInclude>
    <ClInclude Include="R3\R3Cylinder.h">
      <Filter>Support Libraries\R3 Library\R3 Header Files</Filter>
    </ClInclude>
    <ClInclude Include="R3\R3Distance.h">
      <Filter>Support Libraries\R3 Library\R3 Header Files</Filter>
    </ClInclude>
    <ClInclude Include="R3\R3Line.h">
      <Filter>Support Libraries\R3 Library\R3 Header Files</Filter>
    </ClInclude>
    <ClInclude Include="R3\R3Matrix.h">
      <Filter>Support Libraries\R3 Library\R3 Header Files</Filter>
    </ClInclude>
    <ClInclude Include="R3\R3Mesh.h">
      <Filter>Support Libraries\R3 Library\R3 Header Files</Filter>
    </ClInclude>
    <ClInclude Include="R3\R3Plane.h">
      <Filter>Support Libraries\R3 Library\R3 Header Files</Filter>
    </ClInclude>
    <ClInclude Include="R3\R3Point.h">
      <Filter>Support Libraries\R3 Library\R3 Header Files</Filter>
    </ClInclude>
    <ClInclude Include="R3\R3Ray.h">
      <Filter>Support Libraries\R3 Library\R3 Header Files</Filter>
    </ClInclude>
    <ClInclude Include="R3\R3Segment.h">
      <Filter>Support Libraries\R3 Library\R3 Header Files</Filter>
    </ClInclude>
    <ClInclude Include="R3\R3Sphere.h">
      <Filter>Support Libraries\R3 Library\R3 Header Files</Filter>
    </ClInclude>
    <ClInclude Include="R3\R3Vector.h">
      <Filter>Support Libraries\R3 Library\R3 Header Files</Filter>
    </ClInclude>
    <ClInclude Include="R3Scene.h">
      <Filter>Main Program\Main Header Files</Filter>
    </ClInclude>
    <ClInclude Include="raytrace.h">
      <Filter>Main Program\Main Header Files</Filter>
    </ClInclude>
    <ClInclude Include="R3\R3Block.h">
      <Filter>Support Libraries\R3 Library\R3 Header Files</Filter>
    </ClInclude>
    <ClInclude Include="R3\R3Character.h">
      <Filter>Support Libraries\R3 Library\R3 Header Files</Filter>
    </ClInclude>
    <ClInclude Include="R3\R3Item.h">
      <Filter>Support Libraries\R3 Library\R3 Header Files</Filter>
    </ClInclude>
  </ItemGroup>
</Project>